// !$*UTF8*$!
{
	archiveVersion = 1;
	classes = {
	};
	objectVersion = 56;
	objects = {

/* Begin PBXBuildFile section */
		2656DE32296D32AB0065F838 /* AppDelegate.swift in Sources */ = {isa = PBXBuildFile; fileRef = 2656DE31296D32AB0065F838 /* AppDelegate.swift */; };
		2656DE34296D32AB0065F838 /* SceneDelegate.swift in Sources */ = {isa = PBXBuildFile; fileRef = 2656DE33296D32AB0065F838 /* SceneDelegate.swift */; };
		2656DE36296D32AB0065F838 /* ViewController.swift in Sources */ = {isa = PBXBuildFile; fileRef = 2656DE35296D32AB0065F838 /* ViewController.swift */; };
		2656DE39296D32AB0065F838 /* Main.storyboard in Resources */ = {isa = PBXBuildFile; fileRef = 2656DE37296D32AB0065F838 /* Main.storyboard */; };
		2656DE3C296D32AB0065F838 /* Assignment_3__Q3_.xcdatamodeld in Sources */ = {isa = PBXBuildFile; fileRef = 2656DE3A296D32AB0065F838 /* Assignment_3__Q3_.xcdatamodeld */; };
		2656DE3E296D32AC0065F838 /* Assets.xcassets in Resources */ = {isa = PBXBuildFile; fileRef = 2656DE3D296D32AC0065F838 /* Assets.xcassets */; };
		2656DE41296D32AC0065F838 /* LaunchScreen.storyboard in Resources */ = {isa = PBXBuildFile; fileRef = 2656DE3F296D32AC0065F838 /* LaunchScreen.storyboard */; };
		2656DE4C296D32AC0065F838 /* Assignment_3__Q3_Tests.swift in Sources */ = {isa = PBXBuildFile; fileRef = 2656DE4B296D32AC0065F838 /* Assignment_3__Q3_Tests.swift */; };
		2656DE56296D32AC0065F838 /* Assignment_3__Q3_UITests.swift in Sources */ = {isa = PBXBuildFile; fileRef = 2656DE55296D32AC0065F838 /* Assignment_3__Q3_UITests.swift */; };
		2656DE58296D32AC0065F838 /* Assignment_3__Q3_UITestsLaunchTests.swift in Sources */ = {isa = PBXBuildFile; fileRef = 2656DE57296D32AC0065F838 /* Assignment_3__Q3_UITestsLaunchTests.swift */; };
/* End PBXBuildFile section */

/* Begin PBXContainerItemProxy section */
		2656DE48296D32AC0065F838 /* PBXContainerItemProxy */ = {
			isa = PBXContainerItemProxy;
			containerPortal = 2656DE26296D32AB0065F838 /* Project object */;
			proxyType = 1;
			remoteGlobalIDString = 2656DE2D296D32AB0065F838;
			remoteInfo = "Assignment 3 (Q3)";
		};
		2656DE52296D32AC0065F838 /* PBXContainerItemProxy */ = {
			isa = PBXContainerItemProxy;
			containerPortal = 2656DE26296D32AB0065F838 /* Project object */;
			proxyType = 1;
			remoteGlobalIDString = 2656DE2D296D32AB0065F838;
			remoteInfo = "Assignment 3 (Q3)";
		};
/* End PBXContainerItemProxy section */

/* Begin PBXFileReference section */
		2656DE2E296D32AB0065F838 /* Assignment 3 (Q3).app */ = {isa = PBXFileReference; explicitFileType = wrapper.application; includeInIndex = 0; path = "Assignment 3 (Q3).app"; sourceTree = BUILT_PRODUCTS_DIR; };
		2656DE31296D32AB0065F838 /* AppDelegate.swift */ = {isa = PBXFileReference; lastKnownFileType = sourcecode.swift; path = AppDelegate.swift; sourceTree = "<group>"; };
		2656DE33296D32AB0065F838 /* SceneDelegate.swift */ = {isa = PBXFileReference; lastKnownFileType = sourcecode.swift; path = SceneDelegate.swift; sourceTree = "<group>"; };
		2656DE35296D32AB0065F838 /* ViewController.swift */ = {isa = PBXFileReference; lastKnownFileType = sourcecode.swift; path = ViewController.swift; sourceTree = "<group>"; };
		2656DE38296D32AB0065F838 /* Base */ = {isa = PBXFileReference; lastKnownFileType = file.storyboard; name = Base; path = Base.lproj/Main.storyboard; sourceTree = "<group>"; };
		2656DE3B296D32AB0065F838 /* Assignment_3__Q3_.xcdatamodel */ = {isa = PBXFileReference; lastKnownFileType = wrapper.xcdatamodel; path = Assignment_3__Q3_.xcdatamodel; sourceTree = "<group>"; };
		2656DE3D296D32AC0065F838 /* Assets.xcassets */ = {isa = PBXFileReference; lastKnownFileType = folder.assetcatalog; path = Assets.xcassets; sourceTree = "<group>"; };
		2656DE40296D32AC0065F838 /* Base */ = {isa = PBXFileReference; lastKnownFileType = file.storyboard; name = Base; path = Base.lproj/LaunchScreen.storyboard; sourceTree = "<group>"; };
		2656DE42296D32AC0065F838 /* Info.plist */ = {isa = PBXFileReference; lastKnownFileType = text.plist.xml; path = Info.plist; sourceTree = "<group>"; };
		2656DE47296D32AC0065F838 /* Assignment 3 (Q3)Tests.xctest */ = {isa = PBXFileReference; explicitFileType = wrapper.cfbundle; includeInIndex = 0; path = "Assignment 3 (Q3)Tests.xctest"; sourceTree = BUILT_PRODUCTS_DIR; };
		2656DE4B296D32AC0065F838 /* Assignment_3__Q3_Tests.swift */ = {isa = PBXFileReference; lastKnownFileType = sourcecode.swift; path = Assignment_3__Q3_Tests.swift; sourceTree = "<group>"; };
		2656DE51296D32AC0065F838 /* Assignment 3 (Q3)UITests.xctest */ = {isa = PBXFileReference; explicitFileType = wrapper.cfbundle; includeInIndex = 0; path = "Assignment 3 (Q3)UITests.xctest"; sourceTree = BUILT_PRODUCTS_DIR; };
		2656DE55296D32AC0065F838 /* Assignment_3__Q3_UITests.swift */ = {isa = PBXFileReference; lastKnownFileType = sourcecode.swift; path = Assignment_3__Q3_UITests.swift; sourceTree = "<group>"; };
		2656DE57296D32AC0065F838 /* Assignment_3__Q3_UITestsLaunchTests.swift */ = {isa = PBXFileReference; lastKnownFileType = sourcecode.swift; path = Assignment_3__Q3_UITestsLaunchTests.swift; sourceTree = "<group>"; };
/* End PBXFileReference section */

/* Begin PBXFrameworksBuildPhase section */
		2656DE2B296D32AB0065F838 /* Frameworks */ = {
			isa = PBXFrameworksBuildPhase;
			buildActionMask = 2147483647;
			files = (
			);
			runOnlyForDeploymentPostprocessing = 0;
		};
		2656DE44296D32AC0065F838 /* Frameworks */ = {
			isa = PBXFrameworksBuildPhase;
			buildActionMask = 2147483647;
			files = (
			);
			runOnlyForDeploymentPostprocessing = 0;
		};
		2656DE4E296D32AC0065F838 /* Frameworks */ = {
			isa = PBXFrameworksBuildPhase;
			buildActionMask = 2147483647;
			files = (
			);
			runOnlyForDeploymentPostprocessing = 0;
		};
/* End PBXFrameworksBuildPhase section */

/* Begin PBXGroup section */
		2656DE25296D32AB0065F838 = {
			isa = PBXGroup;
			children = (
				2656DE30296D32AB0065F838 /* Assignment 3 (Q3) */,
				2656DE4A296D32AC0065F838 /* Assignment 3 (Q3)Tests */,
				2656DE54296D32AC0065F838 /* Assignment 3 (Q3)UITests */,
				2656DE2F296D32AB0065F838 /* Products */,
			);
			sourceTree = "<group>";
		};
		2656DE2F296D32AB0065F838 /* Products */ = {
			isa = PBXGroup;
			children = (
				2656DE2E296D32AB0065F838 /* Assignment 3 (Q3).app */,
				2656DE47296D32AC0065F838 /* Assignment 3 (Q3)Tests.xctest */,
				2656DE51296D32AC0065F838 /* Assignment 3 (Q3)UITests.xctest */,
			);
			name = Products;
			sourceTree = "<group>";
		};
		2656DE30296D32AB0065F838 /* Assignment 3 (Q3) */ = {
			isa = PBXGroup;
			children = (
				2656DE31296D32AB0065F838 /* AppDelegate.swift */,
				2656DE33296D32AB0065F838 /* SceneDelegate.swift */,
				2656DE35296D32AB0065F838 /* ViewController.swift */,
				2656DE37296D32AB0065F838 /* Main.storyboard */,
				2656DE3D296D32AC0065F838 /* Assets.xcassets */,
				2656DE3F296D32AC0065F838 /* LaunchScreen.storyboard */,
				2656DE42296D32AC0065F838 /* Info.plist */,
				2656DE3A296D32AB0065F838 /* Assignment_3__Q3_.xcdatamodeld */,
			);
			path = "Assignment 3 (Q3)";
			sourceTree = "<group>";
		};
		2656DE4A296D32AC0065F838 /* Assignment 3 (Q3)Tests */ = {
			isa = PBXGroup;
			children = (
				2656DE4B296D32AC0065F838 /* Assignment_3__Q3_Tests.swift */,
			);
			path = "Assignment 3 (Q3)Tests";
			sourceTree = "<group>";
		};
		2656DE54296D32AC0065F838 /* Assignment 3 (Q3)UITests */ = {
			isa = PBXGroup;
			children = (
				2656DE55296D32AC0065F838 /* Assignment_3__Q3_UITests.swift */,
				2656DE57296D32AC0065F838 /* Assignment_3__Q3_UITestsLaunchTests.swift */,
			);
			path = "Assignment 3 (Q3)UITests";
			sourceTree = "<group>";
		};
/* End PBXGroup section */

/* Begin PBXNativeTarget section */
		2656DE2D296D32AB0065F838 /* Assignment 3 (Q3) */ = {
			isa = PBXNativeTarget;
			buildConfigurationList = 2656DE5B296D32AC0065F838 /* Build configuration list for PBXNativeTarget "Assignment 3 (Q3)" */;
			buildPhases = (
				2656DE2A296D32AB0065F838 /* Sources */,
				2656DE2B296D32AB0065F838 /* Frameworks */,
				2656DE2C296D32AB0065F838 /* Resources */,
			);
			buildRules = (
			);
			dependencies = (
			);
			name = "Assignment 3 (Q3)";
			productName = "Assignment 3 (Q3)";
			productReference = 2656DE2E296D32AB0065F838 /* Assignment 3 (Q3).app */;
			productType = "com.apple.product-type.application";
		};
		2656DE46296D32AC0065F838 /* Assignment 3 (Q3)Tests */ = {
			isa = PBXNativeTarget;
			buildConfigurationList = 2656DE5E296D32AC0065F838 /* Build configuration list for PBXNativeTarget "Assignment 3 (Q3)Tests" */;
			buildPhases = (
				2656DE43296D32AC0065F838 /* Sources */,
				2656DE44296D32AC0065F838 /* Frameworks */,
				2656DE45296D32AC0065F838 /* Resources */,
			);
			buildRules = (
			);
			dependencies = (
				2656DE49296D32AC0065F838 /* PBXTargetDependency */,
			);
			name = "Assignment 3 (Q3)Tests";
			productName = "Assignment 3 (Q3)Tests";
			productReference = 2656DE47296D32AC0065F838 /* Assignment 3 (Q3)Tests.xctest */;
			productType = "com.apple.product-type.bundle.unit-test";
		};
		2656DE50296D32AC0065F838 /* Assignment 3 (Q3)UITests */ = {
			isa = PBXNativeTarget;
			buildConfigurationList = 2656DE61296D32AC0065F838 /* Build configuration list for PBXNativeTarget "Assignment 3 (Q3)UITests" */;
			buildPhases = (
				2656DE4D296D32AC0065F838 /* Sources */,
				2656DE4E296D32AC0065F838 /* Frameworks */,
				2656DE4F296D32AC0065F838 /* Resources */,
			);
			buildRules = (
			);
			dependencies = (
				2656DE53296D32AC0065F838 /* PBXTargetDependency */,
			);
			name = "Assignment 3 (Q3)UITests";
			productName = "Assignment 3 (Q3)UITests";
			productReference = 2656DE51296D32AC0065F838 /* Assignment 3 (Q3)UITests.xctest */;
			productType = "com.apple.product-type.bundle.ui-testing";
		};
/* End PBXNativeTarget section */

/* Begin PBXProject section */
		2656DE26296D32AB0065F838 /* Project object */ = {
			isa = PBXProject;
			attributes = {
				BuildIndependentTargetsInParallel = 1;
				LastSwiftUpdateCheck = 1420;
				LastUpgradeCheck = 1420;
				TargetAttributes = {
					2656DE2D296D32AB0065F838 = {
						CreatedOnToolsVersion = 14.2;
					};
					2656DE46296D32AC0065F838 = {
						CreatedOnToolsVersion = 14.2;
						TestTargetID = 2656DE2D296D32AB0065F838;
					};
					2656DE50296D32AC0065F838 = {
						CreatedOnToolsVersion = 14.2;
						TestTargetID = 2656DE2D296D32AB0065F838;
					};
				};
			};
			buildConfigurationList = 2656DE29296D32AB0065F838 /* Build configuration list for PBXProject "Assignment 3 (Q3)" */;
			compatibilityVersion = "Xcode 14.0";
			developmentRegion = en;
			hasScannedForEncodings = 0;
			knownRegions = (
				en,
				Base,
			);
			mainGroup = 2656DE25296D32AB0065F838;
			productRefGroup = 2656DE2F296D32AB0065F838 /* Products */;
			projectDirPath = "";
			projectRoot = "";
			targets = (
				2656DE2D296D32AB0065F838 /* Assignment 3 (Q3) */,
				2656DE46296D32AC0065F838 /* Assignment 3 (Q3)Tests */,
				2656DE50296D32AC0065F838 /* Assignment 3 (Q3)UITests */,
			);
		};
/* End PBXProject section */

/* Begin PBXResourcesBuildPhase section */
		2656DE2C296D32AB0065F838 /* Resources */ = {
			isa = PBXResourcesBuildPhase;
			buildActionMask = 2147483647;
			files = (
				2656DE41296D32AC0065F838 /* LaunchScreen.storyboard in Resources */,
				2656DE3E296D32AC0065F838 /* Assets.xcassets in Resources */,
				2656DE39296D32AB0065F838 /* Main.storyboard in Resources */,
			);
			runOnlyForDeploymentPostprocessing = 0;
		};
		2656DE45296D32AC0065F838 /* Resources */ = {
			isa = PBXResourcesBuildPhase;
			buildActionMask = 2147483647;
			files = (
			);
			runOnlyForDeploymentPostprocessing = 0;
		};
		2656DE4F296D32AC0065F838 /* Resources */ = {
			isa = PBXResourcesBuildPhase;
			buildActionMask = 2147483647;
			files = (
			);
			runOnlyForDeploymentPostprocessing = 0;
		};
/* End PBXResourcesBuildPhase section */

/* Begin PBXSourcesBuildPhase section */
		2656DE2A296D32AB0065F838 /* Sources */ = {
			isa = PBXSourcesBuildPhase;
			buildActionMask = 2147483647;
			files = (
				2656DE36296D32AB0065F838 /* ViewController.swift in Sources */,
				2656DE32296D32AB0065F838 /* AppDelegate.swift in Sources */,
				2656DE3C296D32AB0065F838 /* Assignment_3__Q3_.xcdatamodeld in Sources */,
				2656DE34296D32AB0065F838 /* SceneDelegate.swift in Sources */,
			);
			runOnlyForDeploymentPostprocessing = 0;
		};
		2656DE43296D32AC0065F838 /* Sources */ = {
			isa = PBXSourcesBuildPhase;
			buildActionMask = 2147483647;
			files = (
				2656DE4C296D32AC0065F838 /* Assignment_3__Q3_Tests.swift in Sources */,
			);
			runOnlyForDeploymentPostprocessing = 0;
		};
		2656DE4D296D32AC0065F838 /* Sources */ = {
			isa = PBXSourcesBuildPhase;
			buildActionMask = 2147483647;
			files = (
				2656DE56296D32AC0065F838 /* Assignment_3__Q3_UITests.swift in Sources */,
				2656DE58296D32AC0065F838 /* Assignment_3__Q3_UITestsLaunchTests.swift in Sources */,
			);
			runOnlyForDeploymentPostprocessing = 0;
		};
/* End PBXSourcesBuildPhase section */

/* Begin PBXTargetDependency section */
		2656DE49296D32AC0065F838 /* PBXTargetDependency */ = {
			isa = PBXTargetDependency;
			target = 2656DE2D296D32AB0065F838 /* Assignment 3 (Q3) */;
			targetProxy = 2656DE48296D32AC0065F838 /* PBXContainerItemProxy */;
		};
		2656DE53296D32AC0065F838 /* PBXTargetDependency */ = {
			isa = PBXTargetDependency;
			target = 2656DE2D296D32AB0065F838 /* Assignment 3 (Q3) */;
			targetProxy = 2656DE52296D32AC0065F838 /* PBXContainerItemProxy */;
		};
/* End PBXTargetDependency section */

/* Begin PBXVariantGroup section */
		2656DE37296D32AB0065F838 /* Main.storyboard */ = {
			isa = PBXVariantGroup;
			children = (
				2656DE38296D32AB0065F838 /* Base */,
			);
			name = Main.storyboard;
			sourceTree = "<group>";
		};
		2656DE3F296D32AC0065F838 /* LaunchScreen.storyboard */ = {
			isa = PBXVariantGroup;
			children = (
				2656DE40296D32AC0065F838 /* Base */,
			);
			name = LaunchScreen.storyboard;
			sourceTree = "<group>";
		};
/* End PBXVariantGroup section */

/* Begin XCBuildConfiguration section */
		2656DE59296D32AC0065F838 /* Debug */ = {
			isa = XCBuildConfiguration;
			buildSettings = {
				ALWAYS_SEARCH_USER_PATHS = NO;
				CLANG_ANALYZER_NONNULL = YES;
				CLANG_ANALYZER_NUMBER_OBJECT_CONVERSION = YES_AGGRESSIVE;
				CLANG_CXX_LANGUAGE_STANDARD = "gnu++20";
				CLANG_ENABLE_MODULES = YES;
				CLANG_ENABLE_OBJC_ARC = YES;
				CLANG_ENABLE_OBJC_WEAK = YES;
				CLANG_WARN_BLOCK_CAPTURE_AUTORELEASING = YES;
				CLANG_WARN_BOOL_CONVERSION = YES;
				CLANG_WARN_COMMA = YES;
				CLANG_WARN_CONSTANT_CONVERSION = YES;
				CLANG_WARN_DEPRECATED_OBJC_IMPLEMENTATIONS = YES;
				CLANG_WARN_DIRECT_OBJC_ISA_USAGE = YES_ERROR;
				CLANG_WARN_DOCUMENTATION_COMMENTS = YES;
				CLANG_WARN_EMPTY_BODY = YES;
				CLANG_WARN_ENUM_CONVERSION = YES;
				CLANG_WARN_INFINITE_RECURSION = YES;
				CLANG_WARN_INT_CONVERSION = YES;
				CLANG_WARN_NON_LITERAL_NULL_CONVERSION = YES;
				CLANG_WARN_OBJC_IMPLICIT_RETAIN_SELF = YES;
				CLANG_WARN_OBJC_LITERAL_CONVERSION = YES;
				CLANG_WARN_OBJC_ROOT_CLASS = YES_ERROR;
				CLANG_WARN_QUOTED_INCLUDE_IN_FRAMEWORK_HEADER = YES;
				CLANG_WARN_RANGE_LOOP_ANALYSIS = YES;
				CLANG_WARN_STRICT_PROTOTYPES = YES;
				CLANG_WARN_SUSPICIOUS_MOVE = YES;
				CLANG_WARN_UNGUARDED_AVAILABILITY = YES_AGGRESSIVE;
				CLANG_WARN_UNREACHABLE_CODE = YES;
				CLANG_WARN__DUPLICATE_METHOD_MATCH = YES;
				COPY_PHASE_STRIP = NO;
				DEBUG_INFORMATION_FORMAT = dwarf;
				ENABLE_STRICT_OBJC_MSGSEND = YES;
				ENABLE_TESTABILITY = YES;
				GCC_C_LANGUAGE_STANDARD = gnu11;
				GCC_DYNAMIC_NO_PIC = NO;
				GCC_NO_COMMON_BLOCKS = YES;
				GCC_OPTIMIZATION_LEVEL = 0;
				GCC_PREPROCESSOR_DEFINITIONS = (
					"DEBUG=1",
					"$(inherited)",
				);
				GCC_WARN_64_TO_32_BIT_CONVERSION = YES;
				GCC_WARN_ABOUT_RETURN_TYPE = YES_ERROR;
				GCC_WARN_UNDECLARED_SELECTOR = YES;
				GCC_WARN_UNINITIALIZED_AUTOS = YES_AGGRESSIVE;
				GCC_WARN_UNUSED_FUNCTION = YES;
				GCC_WARN_UNUSED_VARIABLE = YES;
				IPHONEOS_DEPLOYMENT_TARGET = 16.2;
				MTL_ENABLE_DEBUG_INFO = INCLUDE_SOURCE;
				MTL_FAST_MATH = YES;
				ONLY_ACTIVE_ARCH = YES;
				SDKROOT = iphoneos;
				SWIFT_ACTIVE_COMPILATION_CONDITIONS = DEBUG;
				SWIFT_OPTIMIZATION_LEVEL = "-Onone";
			};
			name = Debug;
		};
		2656DE5A296D32AC0065F838 /* Release */ = {
			isa = XCBuildConfiguration;
			buildSettings = {
				ALWAYS_SEARCH_USER_PATHS = NO;
				CLANG_ANALYZER_NONNULL = YES;
				CLANG_ANALYZER_NUMBER_OBJECT_CONVERSION = YES_AGGRESSIVE;
				CLANG_CXX_LANGUAGE_STANDARD = "gnu++20";
				CLANG_ENABLE_MODULES = YES;
				CLANG_ENABLE_OBJC_ARC = YES;
				CLANG_ENABLE_OBJC_WEAK = YES;
				CLANG_WARN_BLOCK_CAPTURE_AUTORELEASING = YES;
				CLANG_WARN_BOOL_CONVERSION = YES;
				CLANG_WARN_COMMA = YES;
				CLANG_WARN_CONSTANT_CONVERSION = YES;
				CLANG_WARN_DEPRECATED_OBJC_IMPLEMENTATIONS = YES;
				CLANG_WARN_DIRECT_OBJC_ISA_USAGE = YES_ERROR;
				CLANG_WARN_DOCUMENTATION_COMMENTS = YES;
				CLANG_WARN_EMPTY_BODY = YES;
				CLANG_WARN_ENUM_CONVERSION = YES;
				CLANG_WARN_INFINITE_RECURSION = YES;
				CLANG_WARN_INT_CONVERSION = YES;
				CLANG_WARN_NON_LITERAL_NULL_CONVERSION = YES;
				CLANG_WARN_OBJC_IMPLICIT_RETAIN_SELF = YES;
				CLANG_WARN_OBJC_LITERAL_CONVERSION = YES;
				CLANG_WARN_OBJC_ROOT_CLASS = YES_ERROR;
				CLANG_WARN_QUOTED_INCLUDE_IN_FRAMEWORK_HEADER = YES;
				CLANG_WARN_RANGE_LOOP_ANALYSIS = YES;
				CLANG_WARN_STRICT_PROTOTYPES = YES;
				CLANG_WARN_SUSPICIOUS_MOVE = YES;
				CLANG_WARN_UNGUARDED_AVAILABILITY = YES_AGGRESSIVE;
				CLANG_WARN_UNREACHABLE_CODE = YES;
				CLANG_WARN__DUPLICATE_METHOD_MATCH = YES;
				COPY_PHASE_STRIP = NO;
				DEBUG_INFORMATION_FORMAT = "dwarf-with-dsym";
				ENABLE_NS_ASSERTIONS = NO;
				ENABLE_STRICT_OBJC_MSGSEND = YES;
				GCC_C_LANGUAGE_STANDARD = gnu11;
				GCC_NO_COMMON_BLOCKS = YES;
				GCC_WARN_64_TO_32_BIT_CONVERSION = YES;
				GCC_WARN_ABOUT_RETURN_TYPE = YES_ERROR;
				GCC_WARN_UNDECLARED_SELECTOR = YES;
				GCC_WARN_UNINITIALIZED_AUTOS = YES_AGGRESSIVE;
				GCC_WARN_UNUSED_FUNCTION = YES;
				GCC_WARN_UNUSED_VARIABLE = YES;
				IPHONEOS_DEPLOYMENT_TARGET = 16.2;
				MTL_ENABLE_DEBUG_INFO = NO;
				MTL_FAST_MATH = YES;
				SDKROOT = iphoneos;
				SWIFT_COMPILATION_MODE = wholemodule;
				SWIFT_OPTIMIZATION_LEVEL = "-O";
				VALIDATE_PRODUCT = YES;
			};
			name = Release;
		};
		2656DE5C296D32AC0065F838 /* Debug */ = {
			isa = XCBuildConfiguration;
			buildSettings = {
				ASSETCATALOG_COMPILER_APPICON_NAME = AppIcon;
				ASSETCATALOG_COMPILER_GLOBAL_ACCENT_COLOR_NAME = AccentColor;
				CODE_SIGN_STYLE = Automatic;
				CURRENT_PROJECT_VERSION = 1;
				GENERATE_INFOPLIST_FILE = YES;
				INFOPLIST_FILE = "Assignment 3 (Q3)/Info.plist";
				INFOPLIST_KEY_UIApplicationSupportsIndirectInputEvents = YES;
				INFOPLIST_KEY_UILaunchStoryboardName = LaunchScreen;
				INFOPLIST_KEY_UIMainStoryboardFile = Main;
				INFOPLIST_KEY_UISupportedInterfaceOrientations_iPad = "UIInterfaceOrientationPortrait UIInterfaceOrientationPortraitUpsideDown UIInterfaceOrientationLandscapeLeft UIInterfaceOrientationLandscapeRight";
				INFOPLIST_KEY_UISupportedInterfaceOrientations_iPhone = "UIInterfaceOrientationPortrait UIInterfaceOrientationLandscapeLeft UIInterfaceOrientationLandscapeRight";
				LD_RUNPATH_SEARCH_PATHS = (
					"$(inherited)",
					"@executable_path/Frameworks",
				);
				MARKETING_VERSION = 1.0;
				PRODUCT_BUNDLE_IDENTIFIER = "srmist.Assignment-3--Q3-";
				PRODUCT_NAME = "$(TARGET_NAME)";
				SWIFT_EMIT_LOC_STRINGS = YES;
				SWIFT_VERSION = 5.0;
				TARGETED_DEVICE_FAMILY = "1,2";
			};
			name = Debug;
		};
		2656DE5D296D32AC0065F838 /* Release */ = {
			isa = XCBuildConfiguration;
			buildSettings = {
				ASSETCATALOG_COMPILER_APPICON_NAME = AppIcon;
				ASSETCATALOG_COMPILER_GLOBAL_ACCENT_COLOR_NAME = AccentColor;
				CODE_SIGN_STYLE = Automatic;
				CURRENT_PROJECT_VERSION = 1;
				GENERATE_INFOPLIST_FILE = YES;
				INFOPLIST_FILE = "Assignment 3 (Q3)/Info.plist";
				INFOPLIST_KEY_UIApplicationSupportsIndirectInputEvents = YES;
				INFOPLIST_KEY_UILaunchStoryboardName = LaunchScreen;
				INFOPLIST_KEY_UIMainStoryboardFile = Main;
				INFOPLIST_KEY_UISupportedInterfaceOrientations_iPad = "UIInterfaceOrientationPortrait UIInterfaceOrientationPortraitUpsideDown UIInterfaceOrientationLandscapeLeft UIInterfaceOrientationLandscapeRight";
				INFOPLIST_KEY_UISupportedInterfaceOrientations_iPhone = "UIInterfaceOrientationPortrait UIInterfaceOrientationLandscapeLeft UIInterfaceOrientationLandscapeRight";
				LD_RUNPATH_SEARCH_PATHS = (
					"$(inherited)",
					"@executable_path/Frameworks",
				);
				MARKETING_VERSION = 1.0;
				PRODUCT_BUNDLE_IDENTIFIER = "srmist.Assignment-3--Q3-";
				PRODUCT_NAME = "$(TARGET_NAME)";
				SWIFT_EMIT_LOC_STRINGS = YES;
				SWIFT_VERSION = 5.0;
				TARGETED_DEVICE_FAMILY = "1,2";
			};
			name = Release;
		};
		2656DE5F296D32AC0065F838 /* Debug */ = {
			isa = XCBuildConfiguration;
			buildSettings = {
				ALWAYS_EMBED_SWIFT_STANDARD_LIBRARIES = YES;
				BUNDLE_LOADER = "$(TEST_HOST)";
				CODE_SIGN_STYLE = Automatic;
				CURRENT_PROJECT_VERSION = 1;
				GENERATE_INFOPLIST_FILE = YES;
				IPHONEOS_DEPLOYMENT_TARGET = 16.2;
				MARKETING_VERSION = 1.0;
				PRODUCT_BUNDLE_IDENTIFIER = "srmist.Assignment-3--Q3-Tests";
				PRODUCT_NAME = "$(TARGET_NAME)";
				SWIFT_EMIT_LOC_STRINGS = NO;
				SWIFT_VERSION = 5.0;
				TARGETED_DEVICE_FAMILY = "1,2";
				TEST_HOST = "$(BUILT_PRODUCTS_DIR)/Assignment 3 (Q3).app/$(BUNDLE_EXECUTABLE_FOLDER_PATH)/Assignment 3 (Q3)";
			};
			name = Debug;
		};
		2656DE60296D32AC0065F838 /* Release */ = {
			isa = XCBuildConfiguration;
			buildSettings = {
				ALWAYS_EMBED_SWIFT_STANDARD_LIBRARIES = YES;
				BUNDLE_LOADER = "$(TEST_HOST)";
				CODE_SIGN_STYLE = Automatic;
				CURRENT_PROJECT_VERSION = 1;
				GENERATE_INFOPLIST_FILE = YES;
				IPHONEOS_DEPLOYMENT_TARGET = 16.2;
				MARKETING_VERSION = 1.0;
				PRODUCT_BUNDLE_IDENTIFIER = "srmist.Assignment-3--Q3-Tests";
				PRODUCT_NAME = "$(TARGET_NAME)";
				SWIFT_EMIT_LOC_STRINGS = NO;
				SWIFT_VERSION = 5.0;
				TARGETED_DEVICE_FAMILY = "1,2";
				TEST_HOST = "$(BUILT_PRODUCTS_DIR)/Assignment 3 (Q3).app/$(BUNDLE_EXECUTABLE_FOLDER_PATH)/Assignment 3 (Q3)";
			};
			name = Release;
		};
		2656DE62296D32AC0065F838 /* Debug */ = {
			isa = XCBuildConfiguration;
			buildSettings = {
				ALWAYS_EMBED_SWIFT_STANDARD_LIBRARIES = YES;
				CODE_SIGN_STYLE = Automatic;
				CURRENT_PROJECT_VERSION = 1;
				GENERATE_INFOPLIST_FILE = YES;
				MARKETING_VERSION = 1.0;
				PRODUCT_BUNDLE_IDENTIFIER = "srmist.Assignment-3--Q3-UITests";
				PRODUCT_NAME = "$(TARGET_NAME)";
				SWIFT_EMIT_LOC_STRINGS = NO;
				SWIFT_VERSION = 5.0;
				TARGETED_DEVICE_FAMILY = "1,2";
				TEST_TARGET_NAME = "Assignment 3 (Q3)";
			};
			name = Debug;
		};
		2656DE63296D32AC0065F838 /* Release */ = {
			isa = XCBuildConfiguration;
			buildSettings = {
				ALWAYS_EMBED_SWIFT_STANDARD_LIBRARIES = YES;
				CODE_SIGN_STYLE = Automatic;
				CURRENT_PROJECT_VERSION = 1;
				GENERATE_INFOPLIST_FILE = YES;
				MARKETING_VERSION = 1.0;
				PRODUCT_BUNDLE_IDENTIFIER = "srmist.Assignment-3--Q3-UITests";
				PRODUCT_NAME = "$(TARGET_NAME)";
				SWIFT_EMIT_LOC_STRINGS = NO;
				SWIFT_VERSION = 5.0;
				TARGETED_DEVICE_FAMILY = "1,2";
				TEST_TARGET_NAME = "Assignment 3 (Q3)";
			};
			name = Release;
		};
/* End XCBuildConfiguration section */

/* Begin XCConfigurationList section */
		2656DE29296D32AB0065F838 /* Build configuration list for PBXProject "Assignment 3 (Q3)" */ = {
			isa = XCConfigurationList;
			buildConfigurations = (
				2656DE59296D32AC0065F838 /* Debug */,
				2656DE5A296D32AC0065F838 /* Release */,
			);
			defaultConfigurationIsVisible = 0;
			defaultConfigurationName = Release;
		};
		2656DE5B296D32AC0065F838 /* Build configuration list for PBXNativeTarget "Assignment 3 (Q3)" */ = {
			isa = XCConfigurationList;
			buildConfigurations = (
				2656DE5C296D32AC0065F838 /* Debug */,
				2656DE5D296D32AC0065F838 /* Release */,
			);
			defaultConfigurationIsVisible = 0;
			defaultConfigurationName = Release;
		};
		2656DE5E296D32AC0065F838 /* Build configuration list for PBXNativeTarget "Assignment 3 (Q3)Tests" */ = {
			isa = XCConfigurationList;
			buildConfigurations = (
				2656DE5F296D32AC0065F838 /* Debug */,
				2656DE60296D32AC0065F838 /* Release */,
			);
			defaultConfigurationIsVisible = 0;
			defaultConfigurationName = Release;
		};
		2656DE61296D32AC0065F838 /* Build configuration list for PBXNativeTarget "Assignment 3 (Q3)UITests" */ = {
			isa = XCConfigurationList;
			buildConfigurations = (
				2656DE62296D32AC0065F838 /* Debug */,
				2656DE63296D32AC0065F838 /* Release */,
			);
			defaultConfigurationIsVisible = 0;
			defaultConfigurationName = Release;
		};
/* End XCConfigurationList section */

/* Begin XCVersionGroup section */
		2656DE3A296D32AB0065F838 /* Assignment_3__Q3_.xcdatamodeld */ = {
			isa = XCVersionGroup;
			children = (
				2656DE3B296D32AB0065F838 /* Assignment_3__Q3_.xcdatamodel */,
			);
			currentVersion = 2656DE3B296D32AB0065F838 /* Assignment_3__Q3_.xcdatamodel */;
			path = Assignment_3__Q3_.xcdatamodeld;
			sourceTree = "<group>";
			versionGroupType = wrapper.xcdatamodel;
		};
/* End XCVersionGroup section */
	};
	rootObject = 2656DE26296D32AB0065F838 /* Project object */;
}
